{
  "name": "nodexh",
  "version": "2.0.0-pre",
  "lockfileVersion": 1,
  "requires": true,
  "dependencies": {
    "as-table": {
      "version": "1.0.55",
      "resolved": "https://registry.npmjs.org/as-table/-/as-table-1.0.55.tgz",
      "integrity": "sha512-xvsWESUJn0JN421Xb9MQw6AsMHRCUknCe0Wjlxvjud80mU4E6hQf1A6NzQKcYNmYw62MfzEtXc+badstZP3JpQ==",
      "requires": {
        "printable-characters": "^1.0.42"
      }
    },
    "cnd": {
      "version": "9.1.0",
      "resolved": "https://registry.npmjs.org/cnd/-/cnd-9.1.0.tgz",
      "integrity": "sha512-ploTsd13KeAMLGTZUS9e93u5AmCcgC0zrgrjlyeGVh8RsjGCf8f9rOMBiPcq+TUqvClRt3lGGHJLamMT8KwPeA=="
    },
    "data-uri-to-buffer": {
      "version": "2.0.2",
      "resolved": "https://registry.npmjs.org/data-uri-to-buffer/-/data-uri-to-buffer-2.0.2.tgz",
      "integrity": "sha512-ND9qDTLc6diwj+Xe5cdAgVTbLVdXbtxTJRXRhli8Mowuaan+0EJOtdqJ0QCHNSSPyoXGx9HX2/VMnKeC34AChA=="
    },
    "error-callsites": {
      "version": "2.0.3",
      "resolved": "https://registry.npmjs.org/error-callsites/-/error-callsites-2.0.3.tgz",
      "integrity": "sha512-v036z4IEffZFE5kBkV5/F2MzhLnG0vuDyN+VXpzCf4yWXvX/1WJCI0A+TGTr8HWzBfCw5k8gr9rwAo09V+obTA=="
    },
    "get-source": {
      "version": "2.0.11",
      "resolved": "https://registry.npmjs.org/get-source/-/get-source-2.0.11.tgz",
      "integrity": "sha512-3ep0eeCGsW2jTd1IByqtszqGq6xHDeoN8T7HgYJfcAMOxvjKpR6er1tWzHMwjyiqChC84Ov31pkMMJZiQ97rFg==",
      "requires": {
        "data-uri-to-buffer": "^2.0.0",
        "source-map": "^0.6.1"
      },
      "dependencies": {
        "source-map": {
          "version": "0.6.1",
          "resolved": "https://registry.npmjs.org/source-map/-/source-map-0.6.1.tgz",
          "integrity": "sha512-UjgapumWlbMhkBgzT7Ykc5YXUT46F0iKu8SGXq0bcwP5dz/h0Plj6enJqjz1Zbq2l5WaqYnrVbwWOWMyF3F47g=="
        }
      }
    },
    "load-source-map": {
      "version": "2.0.0",
      "resolved": "https://registry.npmjs.org/load-source-map/-/load-source-map-2.0.0.tgz",
      "integrity": "sha512-QNZzJ2wMrTmCdeobMuMNEXHN1QGk8HG6louEkzD/zwQ7EU2RarrzlhQ4GnUYEFzLhK+Jq7IGyF/qy+XYBSO7AQ==",
      "requires": {
        "source-map": "^0.7.3"
      }
    },
    "printable-characters": {
      "version": "1.0.42",
      "resolved": "https://registry.npmjs.org/printable-characters/-/printable-characters-1.0.42.tgz",
      "integrity": "sha1-Pxjpd6m9jrN/zE/1ZZ176Qhos9g="
    },
    "source-map": {
      "version": "0.7.3",
      "resolved": "https://registry.npmjs.org/source-map/-/source-map-0.7.3.tgz",
      "integrity": "sha512-CkCj6giN3S+n9qrYiBTX5gystlENnRW5jZeNLHpe6aue+SrHcG5VYwujhW9s4dY31mEGsxBDrHR6oI69fTXsaQ=="
    },
    "stacktracey": {
      "version": "2.0.14",
      "resolved": "https://registry.npmjs.org/stacktracey/-/stacktracey-2.0.14.tgz",
      "integrity": "sha512-Es6SUTkSFJTgHt+odF4pWXzBJCNn6RqLrIkB+MyRYReP6R5PoBlj7dG4fZPoIO3qI05CMLbA6YuTh6le5naBjg==",
      "requires": {
        "as-table": "^1.0.36",
        "get-source": "^2.0.11"
      }
    }
  }
}
