lockfileVersion: '9.0'

settings:
  autoInstallPeers: true
  excludeLinksFromLockfile: false

importers:

  .:
    dependencies:
      bricabrac-sfmodules:
        specifier: ^0.14.1
        version: 0.14.1

packages:

  bricabrac-sfmodules@0.14.1:
    resolution: {integrity: sha512-qIEnl9MOq61r+HiiUZzGtSp4rDDkzyPHdm1rue9/7uE+1YeJiySFQnHk5Fv34e3/+Ylsj7AHHVF/yr5A0X+YzQ==}

snapshots:

  bricabrac-sfmodules@0.14.1: {}
